
Microsoft Visual Studio Solution File, Format Version 12.00
# Visual Studio Version 16
VisualStudioVersion = 16.0.30225.117
MinimumVisualStudioVersion = 10.0.40219.1
Project("{FAE04EC0-301F-11D3-BF4B-00C04F79EFBC}") = "Section 2", "Section 2\Section 2.csproj", "{FC5E0ED0-F4FF-4358-83F1-18F21E1C4F84}"
EndProject
Global
	GlobalSection(SolutionConfigurationPlatforms) = preSolution
		Debug|Any CPU = Debug|Any CPU
		Release|Any CPU = Release|Any CPU
	EndGlobalSection
	GlobalSection(ProjectConfigurationPlatforms) = postSolution
		{FC5E0ED0-F4FF-4358-83F1-18F21E1C4F84}.Debug|Any CPU.ActiveCfg = Debug|Any CPU
		{FC5E0ED0-F4FF-4358-83F1-18F21E1C4F84}.Debug|Any CPU.Build.0 = Debug|Any CPU
		{FC5E0ED0-F4FF-4358-83F1-18F21E1C4F84}.Release|Any CPU.ActiveCfg = Release|Any CPU
		{FC5E0ED0-F4FF-4358-83F1-18F21E1C4F84}.Release|Any CPU.Build.0 = Release|Any CPU
	EndGlobalSection
	GlobalSection(SolutionProperties) = preSolution
		HideSolutionNode = FALSE
	EndGlobalSection
	GlobalSection(ExtensibilityGlobals) = postSolution
		SolutionGuid = {17D96387-7D63-4298-A0C0-8CE094C33728}
	EndGlobalSection
EndGlobal
